
Microsoft Visual Studio Solution File, Format Version 12.00
# Visual Studio Version 16
VisualStudioVersion = 16.0.30804.86
MinimumVisualStudioVersion = 10.0.40219.1
Project("{FAE04EC0-301F-11D3-BF4B-00C04F79EFBC}") = "WebApplication5", "WebApplication5\WebApplication5.csproj", "{CCED84CF-97E0-43E7-AA4D-8C933687331C}"
EndProject
Global
	GlobalSection(SolutionConfigurationPlatforms) = preSolution
		Debug|Any CPU = Debug|Any CPU
		Release|Any CPU = Release|Any CPU
	EndGlobalSection
	GlobalSection(ProjectConfigurationPlatforms) = postSolution
		{CCED84CF-97E0-43E7-AA4D-8C933687331C}.Debug|Any CPU.ActiveCfg = Debug|Any CPU
		{CCED84CF-97E0-43E7-AA4D-8C933687331C}.Debug|Any CPU.Build.0 = Debug|Any CPU
		{CCED84CF-97E0-43E7-AA4D-8C933687331C}.Release|Any CPU.ActiveCfg = Release|Any CPU
		{CCED84CF-97E0-43E7-AA4D-8C933687331C}.Release|Any CPU.Build.0 = Release|Any CPU
	EndGlobalSection
	GlobalSection(SolutionProperties) = preSolution
		HideSolutionNode = FALSE
	EndGlobalSection
	GlobalSection(ExtensibilityGlobals) = postSolution
		SolutionGuid = {366A4D53-F81B-488D-9B7B-CA8426B6EB3D}
	EndGlobalSection
EndGlobal
